
Microsoft Visual Studio Solution File, Format Version 12.00
# Visual Studio 2013
VisualStudioVersion = 12.0.21005.1
MinimumVisualStudioVersion = 10.0.40219.1
Project("{2150E333-8FDC-42A3-9474-1A3956D46DE8}") = "BlogProject", "BlogProject", "{F8F04F12-F8AB-479C-BCF9-1384F263EFB0}"
EndProject
Project("{FAE04EC0-301F-11D3-BF4B-00C04F79EFBC}") = "Tam.UnitTest", "Tam.UnitTest\Tam.UnitTest.csproj", "{800AEEB9-6979-466C-809D-2EDCB806CE37}"
EndProject
Project("{FAE04EC0-301F-11D3-BF4B-00C04F79EFBC}") = "Tam.Blog.Cache", "Blog\Tam.Blog.Cache\Tam.Blog.Cache.csproj", "{46F6EAA1-BB85-410C-927F-04295503AD69}"
EndProject
Project("{FAE04EC0-301F-11D3-BF4B-00C04F79EFBC}") = "Tam.Blog.Common", "Blog\Tam.Blog.Common\Tam.Blog.Common.csproj", "{C1A642FE-2F2E-48E5-A508-514E98321327}"
EndProject
Project("{FAE04EC0-301F-11D3-BF4B-00C04F79EFBC}") = "Tam.Blog.Model", "Blog\Tam.Blog.Model\Tam.Blog.Model.csproj", "{35A698FE-2771-478C-9E66-B231A5B618F2}"
EndProject
Project("{FAE04EC0-301F-11D3-BF4B-00C04F79EFBC}") = "Tam.Blog.Redis", "Blog\Tam.Blog.Redis\Tam.Blog.Redis.csproj", "{1895CD68-EC78-421C-9EEB-A0A73BE3C8B2}"
EndProject
Project("{FAE04EC0-301F-11D3-BF4B-00C04F79EFBC}") = "Tam.Blog.Repository", "Blog\Tam.Blog.Repository\Tam.Blog.Repository.csproj", "{26C1800D-7534-4E55-A896-886B37CF4630}"
EndProject
Project("{FAE04EC0-301F-11D3-BF4B-00C04F79EFBC}") = "Tam.Blog.ViewModel", "Blog\Tam.Blog.ViewModel\Tam.Blog.ViewModel.csproj", "{C942D7EB-D6B9-4C51-8728-02CA89B4DBB7}"
EndProject
Project("{FAE04EC0-301F-11D3-BF4B-00C04F79EFBC}") = "Tam.Blog.Resource", "Blog\Tam.Blog.Resource\Tam.Blog.Resource.csproj", "{2473978E-7650-4D63-9119-2F8232F25975}"
EndProject
Project("{FAE04EC0-301F-11D3-BF4B-00C04F79EFBC}") = "Tam.Blog.Web", "Blog\Tam.Blog.Web\Tam.Blog.Web.csproj", "{ACB48193-AD5C-48BF-8BB3-58B9012E4066}"
EndProject
Project("{FAE04EC0-301F-11D3-BF4B-00C04F79EFBC}") = "Tam.Blog.DI", "Blog\Tam.Blog.DI\Tam.Blog.DI.csproj", "{A8E196AB-8C38-445E-8011-128C77000F2F}"
EndProject
Project("{2150E333-8FDC-42A3-9474-1A3956D46DE8}") = "Core", "Core", "{D2847E67-DF54-4ADF-B0DD-B36BBCF65AE3}"
EndProject
Project("{FAE04EC0-301F-11D3-BF4B-00C04F79EFBC}") = "Tam.Compression", "Core\Tam.Compression\Tam.Compression.csproj", "{5C9FEA58-87F1-4588-9C14-DAF698A58421}"
EndProject
Project("{FAE04EC0-301F-11D3-BF4B-00C04F79EFBC}") = "Tam.Mvc.Extension", "Core\Tam.Mvc.Extension\Tam.Mvc.Extension.csproj", "{37213324-D469-4AC4-9C37-F86D4C69C41F}"
EndProject
Project("{2150E333-8FDC-42A3-9474-1A3956D46DE8}") = "Demo", "Demo", "{B59941FF-2681-48B2-B3A9-27360CE3D80D}"
EndProject
Project("{FAE04EC0-301F-11D3-BF4B-00C04F79EFBC}") = "Tam.Repository", "Core\Tam.Repository\Tam.Repository.csproj", "{A8646BF1-8AC3-4CD0-98BB-91C10A1B9697}"
EndProject
Project("{FAE04EC0-301F-11D3-BF4B-00C04F79EFBC}") = "Tam.Blog.Business", "Blog\Tam.Blog.Business\Tam.Blog.Business.csproj", "{5E8FC616-7D64-4DB5-AF72-4608C096AF92}"
EndProject
Project("{FAE04EC0-301F-11D3-BF4B-00C04F79EFBC}") = "Tam.Database", "Core\Tam.Database\Tam.Database.csproj", "{5FCDDCB5-74C8-404C-83EA-0A4320261191}"
EndProject
Project("{FAE04EC0-301F-11D3-BF4B-00C04F79EFBC}") = "Tam.Cache", "Core\Tam.Cache\Tam.Cache.csproj", "{572545BB-8F4F-451A-A1FC-60FDEFF6BAF6}"
EndProject
Project("{FAE04EC0-301F-11D3-BF4B-00C04F79EFBC}") = "Tam.Control", "Core\Tam.Control\Tam.Control.csproj", "{C0978596-FA43-466B-8482-69BD7B654ACD}"
EndProject
Project("{FAE04EC0-301F-11D3-BF4B-00C04F79EFBC}") = "Tam.JsonManager", "Core\Tam.JsonManager\Tam.JsonManager.csproj", "{DDC801F6-EDC6-41DE-888D-72FFC8F0216B}"
EndProject
Project("{FAE04EC0-301F-11D3-BF4B-00C04F79EFBC}") = "Tam.Redis", "Core\Tam.Redis\Tam.Redis.csproj", "{39B965CE-5E72-4DDA-B4BD-69146C90CBDD}"
EndProject
Project("{FAE04EC0-301F-11D3-BF4B-00C04F79EFBC}") = "Tam.Util", "Core\Tam.Util\Tam.Util.csproj", "{991C1051-804E-477A-962B-2A262C0B2CA1}"
EndProject
Project("{2150E333-8FDC-42A3-9474-1A3956D46DE8}") = ".nuget", ".nuget", "{7A5B020D-AD4E-499D-8505-9B302DFDB22A}"
	ProjectSection(SolutionItems) = preProject
		.nuget\NuGet.Config = .nuget\NuGet.Config
		.nuget\NuGet.exe = .nuget\NuGet.exe
		.nuget\NuGet.targets = .nuget\NuGet.targets
	EndProjectSection
EndProject
Project("{FAE04EC0-301F-11D3-BF4B-00C04F79EFBC}") = "Tam.MongoDb", "Core\Tam.MongoDb\Tam.MongoDb.csproj", "{5C98647A-6909-422A-99AF-0128FB728920}"
EndProject
Project("{FAE04EC0-301F-11D3-BF4B-00C04F79EFBC}") = "Tam.WebApi.Extension", "Core\Tam.WebApi.Extension\Tam.WebApi.Extension.csproj", "{82A6D8C2-7EC4-429F-B587-FC0D5FFB6395}"
EndProject
Project("{FAE04EC0-301F-11D3-BF4B-00C04F79EFBC}") = "Tam.Blog.Service", "Blog\Tam.Blog.Service\Tam.Blog.Service.csproj", "{0C0C69B8-5715-41EA-A8B6-1596123977B7}"
EndProject
Project("{FAE04EC0-301F-11D3-BF4B-00C04F79EFBC}") = "Tam.Query", "Core\Tam.Query\Tam.Query.csproj", "{2B369A3E-0A29-4548-9126-BB510630C0CC}"
EndProject
Project("{FAE04EC0-301F-11D3-BF4B-00C04F79EFBC}") = "Demo.Console", "Demo\Demo.Console\Demo.Console.csproj", "{761B2163-CE13-4DF0-917E-5566FBAF9E03}"
EndProject
Project("{FAE04EC0-301F-11D3-BF4B-00C04F79EFBC}") = "Demo.Web", "Demo\Demo.Web\Demo.Web.csproj", "{AAA7A7C5-94C8-4038-8EE5-097ED6468ABE}"
EndProject
Global
	GlobalSection(SolutionConfigurationPlatforms) = preSolution
		Debug|Any CPU = Debug|Any CPU
		Release|Any CPU = Release|Any CPU
	EndGlobalSection
	GlobalSection(ProjectConfigurationPlatforms) = postSolution
		{800AEEB9-6979-466C-809D-2EDCB806CE37}.Debug|Any CPU.ActiveCfg = Debug|Any CPU
		{800AEEB9-6979-466C-809D-2EDCB806CE37}.Debug|Any CPU.Build.0 = Debug|Any CPU
		{800AEEB9-6979-466C-809D-2EDCB806CE37}.Release|Any CPU.ActiveCfg = Release|Any CPU
		{800AEEB9-6979-466C-809D-2EDCB806CE37}.Release|Any CPU.Build.0 = Release|Any CPU
		{46F6EAA1-BB85-410C-927F-04295503AD69}.Debug|Any CPU.ActiveCfg = Debug|Any CPU
		{46F6EAA1-BB85-410C-927F-04295503AD69}.Debug|Any CPU.Build.0 = Debug|Any CPU
		{46F6EAA1-BB85-410C-927F-04295503AD69}.Release|Any CPU.ActiveCfg = Release|Any CPU
		{46F6EAA1-BB85-410C-927F-04295503AD69}.Release|Any CPU.Build.0 = Release|Any CPU
		{C1A642FE-2F2E-48E5-A508-514E98321327}.Debug|Any CPU.ActiveCfg = Debug|Any CPU
		{C1A642FE-2F2E-48E5-A508-514E98321327}.Debug|Any CPU.Build.0 = Debug|Any CPU
		{C1A642FE-2F2E-48E5-A508-514E98321327}.Release|Any CPU.ActiveCfg = Release|Any CPU
		{C1A642FE-2F2E-48E5-A508-514E98321327}.Release|Any CPU.Build.0 = Release|Any CPU
		{35A698FE-2771-478C-9E66-B231A5B618F2}.Debug|Any CPU.ActiveCfg = Debug|Any CPU
		{35A698FE-2771-478C-9E66-B231A5B618F2}.Debug|Any CPU.Build.0 = Debug|Any CPU
		{35A698FE-2771-478C-9E66-B231A5B618F2}.Release|Any CPU.ActiveCfg = Release|Any CPU
		{35A698FE-2771-478C-9E66-B231A5B618F2}.Release|Any CPU.Build.0 = Release|Any CPU
		{1895CD68-EC78-421C-9EEB-A0A73BE3C8B2}.Debug|Any CPU.ActiveCfg = Debug|Any CPU
		{1895CD68-EC78-421C-9EEB-A0A73BE3C8B2}.Debug|Any CPU.Build.0 = Debug|Any CPU
		{1895CD68-EC78-421C-9EEB-A0A73BE3C8B2}.Release|Any CPU.ActiveCfg = Release|Any CPU
		{1895CD68-EC78-421C-9EEB-A0A73BE3C8B2}.Release|Any CPU.Build.0 = Release|Any CPU
		{26C1800D-7534-4E55-A896-886B37CF4630}.Debug|Any CPU.ActiveCfg = Debug|Any CPU
		{26C1800D-7534-4E55-A896-886B37CF4630}.Debug|Any CPU.Build.0 = Debug|Any CPU
		{26C1800D-7534-4E55-A896-886B37CF4630}.Release|Any CPU.ActiveCfg = Release|Any CPU
		{26C1800D-7534-4E55-A896-886B37CF4630}.Release|Any CPU.Build.0 = Release|Any CPU
		{C942D7EB-D6B9-4C51-8728-02CA89B4DBB7}.Debug|Any CPU.ActiveCfg = Debug|Any CPU
		{C942D7EB-D6B9-4C51-8728-02CA89B4DBB7}.Debug|Any CPU.Build.0 = Debug|Any CPU
		{C942D7EB-D6B9-4C51-8728-02CA89B4DBB7}.Release|Any CPU.ActiveCfg = Release|Any CPU
		{C942D7EB-D6B9-4C51-8728-02CA89B4DBB7}.Release|Any CPU.Build.0 = Release|Any CPU
		{2473978E-7650-4D63-9119-2F8232F25975}.Debug|Any CPU.ActiveCfg = Debug|Any CPU
		{2473978E-7650-4D63-9119-2F8232F25975}.Debug|Any CPU.Build.0 = Debug|Any CPU
		{2473978E-7650-4D63-9119-2F8232F25975}.Release|Any CPU.ActiveCfg = Release|Any CPU
		{2473978E-7650-4D63-9119-2F8232F25975}.Release|Any CPU.Build.0 = Release|Any CPU
		{ACB48193-AD5C-48BF-8BB3-58B9012E4066}.Debug|Any CPU.ActiveCfg = Debug|Any CPU
		{ACB48193-AD5C-48BF-8BB3-58B9012E4066}.Debug|Any CPU.Build.0 = Debug|Any CPU
		{ACB48193-AD5C-48BF-8BB3-58B9012E4066}.Release|Any CPU.ActiveCfg = Release|Any CPU
		{ACB48193-AD5C-48BF-8BB3-58B9012E4066}.Release|Any CPU.Build.0 = Release|Any CPU
		{A8E196AB-8C38-445E-8011-128C77000F2F}.Debug|Any CPU.ActiveCfg = Debug|Any CPU
		{A8E196AB-8C38-445E-8011-128C77000F2F}.Debug|Any CPU.Build.0 = Debug|Any CPU
		{A8E196AB-8C38-445E-8011-128C77000F2F}.Release|Any CPU.ActiveCfg = Release|Any CPU
		{A8E196AB-8C38-445E-8011-128C77000F2F}.Release|Any CPU.Build.0 = Release|Any CPU
		{5C9FEA58-87F1-4588-9C14-DAF698A58421}.Debug|Any CPU.ActiveCfg = Debug|Any CPU
		{5C9FEA58-87F1-4588-9C14-DAF698A58421}.Debug|Any CPU.Build.0 = Debug|Any CPU
		{5C9FEA58-87F1-4588-9C14-DAF698A58421}.Release|Any CPU.ActiveCfg = Release|Any CPU
		{5C9FEA58-87F1-4588-9C14-DAF698A58421}.Release|Any CPU.Build.0 = Release|Any CPU
		{37213324-D469-4AC4-9C37-F86D4C69C41F}.Debug|Any CPU.ActiveCfg = Debug|Any CPU
		{37213324-D469-4AC4-9C37-F86D4C69C41F}.Debug|Any CPU.Build.0 = Debug|Any CPU
		{37213324-D469-4AC4-9C37-F86D4C69C41F}.Release|Any CPU.ActiveCfg = Release|Any CPU
		{37213324-D469-4AC4-9C37-F86D4C69C41F}.Release|Any CPU.Build.0 = Release|Any CPU
		{A8646BF1-8AC3-4CD0-98BB-91C10A1B9697}.Debug|Any CPU.ActiveCfg = Debug|Any CPU
		{A8646BF1-8AC3-4CD0-98BB-91C10A1B9697}.Debug|Any CPU.Build.0 = Debug|Any CPU
		{A8646BF1-8AC3-4CD0-98BB-91C10A1B9697}.Release|Any CPU.ActiveCfg = Release|Any CPU
		{A8646BF1-8AC3-4CD0-98BB-91C10A1B9697}.Release|Any CPU.Build.0 = Release|Any CPU
		{5E8FC616-7D64-4DB5-AF72-4608C096AF92}.Debug|Any CPU.ActiveCfg = Debug|Any CPU
		{5E8FC616-7D64-4DB5-AF72-4608C096AF92}.Debug|Any CPU.Build.0 = Debug|Any CPU
		{5E8FC616-7D64-4DB5-AF72-4608C096AF92}.Release|Any CPU.ActiveCfg = Release|Any CPU
		{5E8FC616-7D64-4DB5-AF72-4608C096AF92}.Release|Any CPU.Build.0 = Release|Any CPU
		{5FCDDCB5-74C8-404C-83EA-0A4320261191}.Debug|Any CPU.ActiveCfg = Debug|Any CPU
		{5FCDDCB5-74C8-404C-83EA-0A4320261191}.Debug|Any CPU.Build.0 = Debug|Any CPU
		{5FCDDCB5-74C8-404C-83EA-0A4320261191}.Release|Any CPU.ActiveCfg = Release|Any CPU
		{5FCDDCB5-74C8-404C-83EA-0A4320261191}.Release|Any CPU.Build.0 = Release|Any CPU
		{572545BB-8F4F-451A-A1FC-60FDEFF6BAF6}.Debug|Any CPU.ActiveCfg = Debug|Any CPU
		{572545BB-8F4F-451A-A1FC-60FDEFF6BAF6}.Debug|Any CPU.Build.0 = Debug|Any CPU
		{572545BB-8F4F-451A-A1FC-60FDEFF6BAF6}.Release|Any CPU.ActiveCfg = Release|Any CPU
		{572545BB-8F4F-451A-A1FC-60FDEFF6BAF6}.Release|Any CPU.Build.0 = Release|Any CPU
		{C0978596-FA43-466B-8482-69BD7B654ACD}.Debug|Any CPU.ActiveCfg = Debug|Any CPU
		{C0978596-FA43-466B-8482-69BD7B654ACD}.Debug|Any CPU.Build.0 = Debug|Any CPU
		{C0978596-FA43-466B-8482-69BD7B654ACD}.Release|Any CPU.ActiveCfg = Release|Any CPU
		{C0978596-FA43-466B-8482-69BD7B654ACD}.Release|Any CPU.Build.0 = Release|Any CPU
		{DDC801F6-EDC6-41DE-888D-72FFC8F0216B}.Debug|Any CPU.ActiveCfg = Debug|Any CPU
		{DDC801F6-EDC6-41DE-888D-72FFC8F0216B}.Debug|Any CPU.Build.0 = Debug|Any CPU
		{DDC801F6-EDC6-41DE-888D-72FFC8F0216B}.Release|Any CPU.ActiveCfg = Release|Any CPU
		{DDC801F6-EDC6-41DE-888D-72FFC8F0216B}.Release|Any CPU.Build.0 = Release|Any CPU
		{39B965CE-5E72-4DDA-B4BD-69146C90CBDD}.Debug|Any CPU.ActiveCfg = Debug|Any CPU
		{39B965CE-5E72-4DDA-B4BD-69146C90CBDD}.Debug|Any CPU.Build.0 = Debug|Any CPU
		{39B965CE-5E72-4DDA-B4BD-69146C90CBDD}.Release|Any CPU.ActiveCfg = Release|Any CPU
		{39B965CE-5E72-4DDA-B4BD-69146C90CBDD}.Release|Any CPU.Build.0 = Release|Any CPU
		{991C1051-804E-477A-962B-2A262C0B2CA1}.Debug|Any CPU.ActiveCfg = Debug|Any CPU
		{991C1051-804E-477A-962B-2A262C0B2CA1}.Debug|Any CPU.Build.0 = Debug|Any CPU
		{991C1051-804E-477A-962B-2A262C0B2CA1}.Release|Any CPU.ActiveCfg = Release|Any CPU
		{991C1051-804E-477A-962B-2A262C0B2CA1}.Release|Any CPU.Build.0 = Release|Any CPU
		{5C98647A-6909-422A-99AF-0128FB728920}.Debug|Any CPU.ActiveCfg = Debug|Any CPU
		{5C98647A-6909-422A-99AF-0128FB728920}.Debug|Any CPU.Build.0 = Debug|Any CPU
		{5C98647A-6909-422A-99AF-0128FB728920}.Release|Any CPU.ActiveCfg = Release|Any CPU
		{5C98647A-6909-422A-99AF-0128FB728920}.Release|Any CPU.Build.0 = Release|Any CPU
		{82A6D8C2-7EC4-429F-B587-FC0D5FFB6395}.Debug|Any CPU.ActiveCfg = Debug|Any CPU
		{82A6D8C2-7EC4-429F-B587-FC0D5FFB6395}.Debug|Any CPU.Build.0 = Debug|Any CPU
		{82A6D8C2-7EC4-429F-B587-FC0D5FFB6395}.Release|Any CPU.ActiveCfg = Release|Any CPU
		{82A6D8C2-7EC4-429F-B587-FC0D5FFB6395}.Release|Any CPU.Build.0 = Release|Any CPU
		{0C0C69B8-5715-41EA-A8B6-1596123977B7}.Debug|Any CPU.ActiveCfg = Debug|Any CPU
		{0C0C69B8-5715-41EA-A8B6-1596123977B7}.Debug|Any CPU.Build.0 = Debug|Any CPU
		{0C0C69B8-5715-41EA-A8B6-1596123977B7}.Release|Any CPU.ActiveCfg = Release|Any CPU
		{0C0C69B8-5715-41EA-A8B6-1596123977B7}.Release|Any CPU.Build.0 = Release|Any CPU
		{2B369A3E-0A29-4548-9126-BB510630C0CC}.Debug|Any CPU.ActiveCfg = Debug|Any CPU
		{2B369A3E-0A29-4548-9126-BB510630C0CC}.Debug|Any CPU.Build.0 = Debug|Any CPU
		{2B369A3E-0A29-4548-9126-BB510630C0CC}.Release|Any CPU.ActiveCfg = Release|Any CPU
		{2B369A3E-0A29-4548-9126-BB510630C0CC}.Release|Any CPU.Build.0 = Release|Any CPU
		{761B2163-CE13-4DF0-917E-5566FBAF9E03}.Debug|Any CPU.ActiveCfg = Debug|Any CPU
		{761B2163-CE13-4DF0-917E-5566FBAF9E03}.Debug|Any CPU.Build.0 = Debug|Any CPU
		{761B2163-CE13-4DF0-917E-5566FBAF9E03}.Release|Any CPU.ActiveCfg = Release|Any CPU
		{761B2163-CE13-4DF0-917E-5566FBAF9E03}.Release|Any CPU.Build.0 = Release|Any CPU
		{AAA7A7C5-94C8-4038-8EE5-097ED6468ABE}.Debug|Any CPU.ActiveCfg = Debug|Any CPU
		{AAA7A7C5-94C8-4038-8EE5-097ED6468ABE}.Debug|Any CPU.Build.0 = Debug|Any CPU
		{AAA7A7C5-94C8-4038-8EE5-097ED6468ABE}.Release|Any CPU.ActiveCfg = Release|Any CPU
		{AAA7A7C5-94C8-4038-8EE5-097ED6468ABE}.Release|Any CPU.Build.0 = Release|Any CPU
	EndGlobalSection
	GlobalSection(SolutionProperties) = preSolution
		HideSolutionNode = FALSE
	EndGlobalSection
	GlobalSection(NestedProjects) = preSolution
		{46F6EAA1-BB85-410C-927F-04295503AD69} = {F8F04F12-F8AB-479C-BCF9-1384F263EFB0}
		{C1A642FE-2F2E-48E5-A508-514E98321327} = {F8F04F12-F8AB-479C-BCF9-1384F263EFB0}
		{35A698FE-2771-478C-9E66-B231A5B618F2} = {F8F04F12-F8AB-479C-BCF9-1384F263EFB0}
		{1895CD68-EC78-421C-9EEB-A0A73BE3C8B2} = {F8F04F12-F8AB-479C-BCF9-1384F263EFB0}
		{26C1800D-7534-4E55-A896-886B37CF4630} = {F8F04F12-F8AB-479C-BCF9-1384F263EFB0}
		{C942D7EB-D6B9-4C51-8728-02CA89B4DBB7} = {F8F04F12-F8AB-479C-BCF9-1384F263EFB0}
		{2473978E-7650-4D63-9119-2F8232F25975} = {F8F04F12-F8AB-479C-BCF9-1384F263EFB0}
		{ACB48193-AD5C-48BF-8BB3-58B9012E4066} = {F8F04F12-F8AB-479C-BCF9-1384F263EFB0}
		{A8E196AB-8C38-445E-8011-128C77000F2F} = {F8F04F12-F8AB-479C-BCF9-1384F263EFB0}
		{5E8FC616-7D64-4DB5-AF72-4608C096AF92} = {F8F04F12-F8AB-479C-BCF9-1384F263EFB0}
		{0C0C69B8-5715-41EA-A8B6-1596123977B7} = {F8F04F12-F8AB-479C-BCF9-1384F263EFB0}
		{800AEEB9-6979-466C-809D-2EDCB806CE37} = {D2847E67-DF54-4ADF-B0DD-B36BBCF65AE3}
		{5C9FEA58-87F1-4588-9C14-DAF698A58421} = {D2847E67-DF54-4ADF-B0DD-B36BBCF65AE3}
		{37213324-D469-4AC4-9C37-F86D4C69C41F} = {D2847E67-DF54-4ADF-B0DD-B36BBCF65AE3}
		{A8646BF1-8AC3-4CD0-98BB-91C10A1B9697} = {D2847E67-DF54-4ADF-B0DD-B36BBCF65AE3}
		{5FCDDCB5-74C8-404C-83EA-0A4320261191} = {D2847E67-DF54-4ADF-B0DD-B36BBCF65AE3}
		{572545BB-8F4F-451A-A1FC-60FDEFF6BAF6} = {D2847E67-DF54-4ADF-B0DD-B36BBCF65AE3}
		{C0978596-FA43-466B-8482-69BD7B654ACD} = {D2847E67-DF54-4ADF-B0DD-B36BBCF65AE3}
		{DDC801F6-EDC6-41DE-888D-72FFC8F0216B} = {D2847E67-DF54-4ADF-B0DD-B36BBCF65AE3}
		{39B965CE-5E72-4DDA-B4BD-69146C90CBDD} = {D2847E67-DF54-4ADF-B0DD-B36BBCF65AE3}
		{991C1051-804E-477A-962B-2A262C0B2CA1} = {D2847E67-DF54-4ADF-B0DD-B36BBCF65AE3}
		{5C98647A-6909-422A-99AF-0128FB728920} = {D2847E67-DF54-4ADF-B0DD-B36BBCF65AE3}
		{82A6D8C2-7EC4-429F-B587-FC0D5FFB6395} = {D2847E67-DF54-4ADF-B0DD-B36BBCF65AE3}
		{2B369A3E-0A29-4548-9126-BB510630C0CC} = {D2847E67-DF54-4ADF-B0DD-B36BBCF65AE3}
		{761B2163-CE13-4DF0-917E-5566FBAF9E03} = {B59941FF-2681-48B2-B3A9-27360CE3D80D}
		{AAA7A7C5-94C8-4038-8EE5-097ED6468ABE} = {B59941FF-2681-48B2-B3A9-27360CE3D80D}
	EndGlobalSection
EndGlobal
